{
  "version": "5",
  "specifiers": {
    "jsr:@std/assert@1": "1.0.14",
    "jsr:@std/internal@^1.0.10": "1.0.10",
    "npm:firebase@^12.2.1": "12.2.1_@firebase+app@0.14.2_@firebase+app-types@0.9.3_@firebase+app-compat@0.5.2"
  },
  "jsr": {
    "@std/assert@1.0.14": {
      "integrity": "68d0d4a43b365abc927f45a9b85c639ea18a9fab96ad92281e493e4ed84abaa4",
      "dependencies": [
        "jsr:@std/internal"
      ]
    },
    "@std/internal@1.0.10": {
      "integrity": "e3be62ce42cab0e177c27698e5d9800122f67b766a0bea6ca4867886cbde8cf7"
    }
  },
  "npm": {
    "@firebase/ai@2.2.1_@firebase+app@0.14.2_@firebase+app-types@0.9.3": {
      "integrity": "sha512-0VWlkGB18oDhwMqsgxpt/usMsyjnH3a7hTvQPcAbk7VhFg0QZMDX60mQKfLTFKrB5VwmlaIdVsSZznsTY2S0wA==",
      "dependencies": [
        "@firebase/app",
        "@firebase/app-check-interop-types",
        "@firebase/app-types",
        "@firebase/component",
        "@firebase/logger",
        "@firebase/util",
        "tslib"
      ]
    },
    "@firebase/analytics-compat@0.2.24_@firebase+app-compat@0.5.2_@firebase+app@0.14.2": {
      "integrity": "sha512-jE+kJnPG86XSqGQGhXXYt1tpTbCTED8OQJ/PQ90SEw14CuxRxx/H+lFbWA1rlFtFSsTCptAJtgyRBwr/f00vsw==",
      "dependencies": [
        "@firebase/analytics",
        "@firebase/analytics-types",
        "@firebase/app-compat",
        "@firebase/component",
        "@firebase/util",
        "tslib"
      ]
    },
    "@firebase/analytics-types@0.8.3": {
      "integrity": "sha512-VrIp/d8iq2g501qO46uGz3hjbDb8xzYMrbu8Tp0ovzIzrvJZ2fvmj649gTjge/b7cCCcjT0H37g1gVtlNhnkbg=="
    },
    "@firebase/analytics@0.10.18_@firebase+app@0.14.2": {
      "integrity": "sha512-iN7IgLvM06iFk8BeFoWqvVpRFW3Z70f+Qe2PfCJ7vPIgLPjHXDE774DhCT5Y2/ZU/ZbXPDPD60x/XPWEoZLNdg==",
      "dependencies": [
        "@firebase/app",
        "@firebase/component",
        "@firebase/installations",
        "@firebase/logger",
        "@firebase/util",
        "tslib"
      ]
    },
    "@firebase/app-check-compat@0.4.0_@firebase+app-compat@0.5.2_@firebase+app@0.14.2": {
      "integrity": "sha512-UfK2Q8RJNjYM/8MFORltZRG9lJj11k0nW84rrffiKvcJxLf1jf6IEjCIkCamykHE73C6BwqhVfhIBs69GXQV0g==",
      "dependencies": [
        "@firebase/app-check",
        "@firebase/app-check-types",
        "@firebase/app-compat",
        "@firebase/component",
        "@firebase/logger",
        "@firebase/util",
        "tslib"
      ]
    },
    "@firebase/app-check-interop-types@0.3.3": {
      "integrity": "sha512-gAlxfPLT2j8bTI/qfe3ahl2I2YcBQ8cFIBdhAQA4I2f3TndcO+22YizyGYuttLHPQEpWkhmpFW60VCFEPg4g5A=="
    },
    "@firebase/app-check-types@0.5.3": {
      "integrity": "sha512-hyl5rKSj0QmwPdsAxrI5x1otDlByQ7bvNvVt8G/XPO2CSwE++rmSVf3VEhaeOR4J8ZFaF0Z0NDSmLejPweZ3ng=="
    },
    "@firebase/app-check@0.11.0_@firebase+app@0.14.2": {
      "integrity": "sha512-XAvALQayUMBJo58U/rxW02IhsesaxxfWVmVkauZvGEz3vOAjMEQnzFlyblqkc2iAaO82uJ2ZVyZv9XzPfxjJ6w==",
      "dependencies": [
        "@firebase/app",
        "@firebase/component",
        "@firebase/logger",
        "@firebase/util",
        "tslib"
      ]
    },
    "@firebase/app-compat@0.5.2": {
      "integrity": "sha512-cn+U27GDaBS/irsbvrfnPZdcCzeZPRGKieSlyb7vV6LSOL6mdECnB86PgYjYGxSNg8+U48L/NeevTV1odU+mOQ==",
      "dependencies": [
        "@firebase/app",
        "@firebase/component",
        "@firebase/logger",
        "@firebase/util",
        "tslib"
      ]
    },
    "@firebase/app-types@0.9.3": {
      "integrity": "sha512-kRVpIl4vVGJ4baogMDINbyrIOtOxqhkZQg4jTq3l8Lw6WSk0xfpEYzezFu+Kl4ve4fbPl79dvwRtaFqAC/ucCw=="
    },
    "@firebase/app@0.14.2": {
      "integrity": "sha512-Ecx2ig/JLC9ayIQwZHqm41Tzlf4c1WUuFhFUZB1y+JIJqDRE579x7Uil7tKT8MwDpOPwrK5ZtpxdSsrfy/LF8Q==",
      "dependencies": [
        "@firebase/component",
        "@firebase/logger",
        "@firebase/util",
        "idb",
        "tslib"
      ]
    },
    "@firebase/auth-compat@0.6.0_@firebase+app-compat@0.5.2_@firebase+app@0.14.2_@firebase+app-types@0.9.3_@firebase+util@1.13.0": {
      "integrity": "sha512-J0lGSxXlG/lYVi45wbpPhcWiWUMXevY4fvLZsN1GHh+po7TZVng+figdHBVhFheaiipU8HZyc7ljw1jNojM2nw==",
      "dependencies": [
        "@firebase/app-compat",
        "@firebase/auth",
        "@firebase/auth-types",
        "@firebase/component",
        "@firebase/util",
        "tslib"
      ]
    },
    "@firebase/auth-interop-types@0.2.4": {
      "integrity": "sha512-JPgcXKCuO+CWqGDnigBtvo09HeBs5u/Ktc2GaFj2m01hLarbxthLNm7Fk8iOP1aqAtXV+fnnGj7U28xmk7IwVA=="
    },
    "@firebase/auth-types@0.13.0_@firebase+app-types@0.9.3_@firebase+util@1.13.0": {
      "integrity": "sha512-S/PuIjni0AQRLF+l9ck0YpsMOdE8GO2KU6ubmBB7P+7TJUCQDa3R1dlgYm9UzGbbePMZsp0xzB93f2b/CgxMOg==",
      "dependencies": [
        "@firebase/app-types",
        "@firebase/util"
      ]
    },
    "@firebase/auth@1.11.0_@firebase+app@0.14.2": {
      "integrity": "sha512-5j7+ua93X+IRcJ1oMDTClTo85l7Xe40WSkoJ+shzPrX7OISlVWLdE1mKC57PSD+/LfAbdhJmvKixINBw2ESK6w==",
      "dependencies": [
        "@firebase/app",
        "@firebase/component",
        "@firebase/logger",
        "@firebase/util",
        "tslib"
      ]
    },
    "@firebase/component@0.7.0": {
      "integrity": "sha512-wR9En2A+WESUHexjmRHkqtaVH94WLNKt6rmeqZhSLBybg4Wyf0Umk04SZsS6sBq4102ZsDBFwoqMqJYj2IoDSg==",
      "dependencies": [
        "@firebase/util",
        "tslib"
      ]
    },
    "@firebase/data-connect@0.3.11_@firebase+app@0.14.2": {
      "integrity": "sha512-G258eLzAD6im9Bsw+Qm1Z+P4x0PGNQ45yeUuuqe5M9B1rn0RJvvsQCRHXgE52Z+n9+WX1OJd/crcuunvOGc7Vw==",
      "dependencies": [
        "@firebase/app",
        "@firebase/auth-interop-types",
        "@firebase/component",
        "@firebase/logger",
        "@firebase/util",
        "tslib"
      ]
    },
    "@firebase/database-compat@2.1.0": {
      "integrity": "sha512-8nYc43RqxScsePVd1qe1xxvWNf0OBnbwHxmXJ7MHSuuTVYFO3eLyLW3PiCKJ9fHnmIz4p4LbieXwz+qtr9PZDg==",
      "dependencies": [
        "@firebase/component",
        "@firebase/database",
        "@firebase/database-types",
        "@firebase/logger",
        "@firebase/util",
        "tslib"
      ]
    },
    "@firebase/database-types@1.0.16": {
      "integrity": "sha512-xkQLQfU5De7+SPhEGAXFBnDryUWhhlFXelEg2YeZOQMCdoe7dL64DDAd77SQsR+6uoXIZY5MB4y/inCs4GTfcw==",
      "dependencies": [
        "@firebase/app-types",
        "@firebase/util"
      ]
    },
    "@firebase/database@1.1.0": {
      "integrity": "sha512-gM6MJFae3pTyNLoc9VcJNuaUDej0ctdjn3cVtILo3D5lpp0dmUHHLFN/pUKe7ImyeB1KAvRlEYxvIHNF04Filg==",
      "dependencies": [
        "@firebase/app-check-interop-types",
        "@firebase/auth-interop-types",
        "@firebase/component",
        "@firebase/logger",
        "@firebase/util",
        "faye-websocket",
        "tslib"
      ]
    },
    "@firebase/firestore-compat@0.4.1_@firebase+app-compat@0.5.2_@firebase+app@0.14.2_@firebase+app-types@0.9.3_@firebase+util@1.13.0": {
      "integrity": "sha512-BjalPTDh/K0vmR/M/DE148dpIqbcfvtFVTietbUDWDWYIl9YH0TTVp/EwXRbZwswPxyjx4GdHW61GB2AYVz1SQ==",
      "dependencies": [
        "@firebase/app-compat",
        "@firebase/component",
        "@firebase/firestore",
        "@firebase/firestore-types",
        "@firebase/util",
        "tslib"
      ]
    },
    "@firebase/firestore-types@3.0.3_@firebase+app-types@0.9.3_@firebase+util@1.13.0": {
      "integrity": "sha512-hD2jGdiWRxB/eZWF89xcK9gF8wvENDJkzpVFb4aGkzfEaKxVRD1kjz1t1Wj8VZEp2LCB53Yx1zD8mrhQu87R6Q==",
      "dependencies": [
        "@firebase/app-types",
        "@firebase/util"
      ]
    },
    "@firebase/firestore@4.9.1_@firebase+app@0.14.2": {
      "integrity": "sha512-PYVUTkhC9y8pydrqC3O1Oc4AMfkGSWdmuH9xgPJjiEbpUIUPQ4J8wJhyuash+o2u+axmyNRFP8ULNUKb+WzBzQ==",
      "dependencies": [
        "@firebase/app",
        "@firebase/component",
        "@firebase/logger",
        "@firebase/util",
        "@firebase/webchannel-wrapper",
        "@grpc/grpc-js",
        "@grpc/proto-loader",
        "tslib"
      ]
    },
    "@firebase/functions-compat@0.4.1_@firebase+app-compat@0.5.2_@firebase+app@0.14.2": {
      "integrity": "sha512-AxxUBXKuPrWaVNQ8o1cG1GaCAtXT8a0eaTDfqgS5VsRYLAR0ALcfqDLwo/QyijZj1w8Qf8n3Qrfy/+Im245hOQ==",
      "dependencies": [
        "@firebase/app-compat",
        "@firebase/component",
        "@firebase/functions",
        "@firebase/functions-types",
        "@firebase/util",
        "tslib"
      ]
    },
    "@firebase/functions-types@0.6.3": {
      "integrity": "sha512-EZoDKQLUHFKNx6VLipQwrSMh01A1SaL3Wg6Hpi//x6/fJ6Ee4hrAeswK99I5Ht8roiniKHw4iO0B1Oxj5I4plg=="
    },
    "@firebase/functions@0.13.1_@firebase+app@0.14.2": {
      "integrity": "sha512-sUeWSb0rw5T+6wuV2o9XNmh9yHxjFI9zVGFnjFi+n7drTEWpl7ZTz1nROgGrSu472r+LAaj+2YaSicD4R8wfbw==",
      "dependencies": [
        "@firebase/app",
        "@firebase/app-check-interop-types",
        "@firebase/auth-interop-types",
        "@firebase/component",
        "@firebase/messaging-interop-types",
        "@firebase/util",
        "tslib"
      ]
    },
    "@firebase/installations-compat@0.2.19_@firebase+app-compat@0.5.2_@firebase+app@0.14.2_@firebase+app-types@0.9.3": {
      "integrity": "sha512-khfzIY3EI5LePePo7vT19/VEIH1E3iYsHknI/6ek9T8QCozAZshWT9CjlwOzZrKvTHMeNcbpo/VSOSIWDSjWdQ==",
      "dependencies": [
        "@firebase/app-compat",
        "@firebase/component",
        "@firebase/installations",
        "@firebase/installations-types",
        "@firebase/util",
        "tslib"
      ]
    },
    "@firebase/installations-types@0.5.3_@firebase+app-types@0.9.3": {
      "integrity": "sha512-2FJI7gkLqIE0iYsNQ1P751lO3hER+Umykel+TkLwHj6plzWVxqvfclPUZhcKFVQObqloEBTmpi2Ozn7EkCABAA==",
      "dependencies": [
        "@firebase/app-types"
      ]
    },
    "@firebase/installations@0.6.19_@firebase+app@0.14.2": {
      "integrity": "sha512-nGDmiwKLI1lerhwfwSHvMR9RZuIH5/8E3kgUWnVRqqL7kGVSktjLTWEMva7oh5yxQ3zXfIlIwJwMcaM5bK5j8Q==",
      "dependencies": [
        "@firebase/app",
        "@firebase/component",
        "@firebase/util",
        "idb",
        "tslib"
      ]
    },
    "@firebase/logger@0.5.0": {
      "integrity": "sha512-cGskaAvkrnh42b3BA3doDWeBmuHFO/Mx5A83rbRDYakPjO9bJtRL3dX7javzc2Rr/JHZf4HlterTW2lUkfeN4g==",
      "dependencies": [
        "tslib"
      ]
    },
    "@firebase/messaging-compat@0.2.23_@firebase+app-compat@0.5.2_@firebase+app@0.14.2": {
      "integrity": "sha512-SN857v/kBUvlQ9X/UjAqBoQ2FEaL1ZozpnmL1ByTe57iXkmnVVFm9KqAsTfmf+OEwWI4kJJe9NObtN/w22lUgg==",
      "dependencies": [
        "@firebase/app-compat",
        "@firebase/component",
        "@firebase/messaging",
        "@firebase/util",
        "tslib"
      ]
    },
    "@firebase/messaging-interop-types@0.2.3": {
      "integrity": "sha512-xfzFaJpzcmtDjycpDeCUj0Ge10ATFi/VHVIvEEjDNc3hodVBQADZ7BWQU7CuFpjSHE+eLuBI13z5F/9xOoGX8Q=="
    },
    "@firebase/messaging@0.12.23_@firebase+app@0.14.2": {
      "integrity": "sha512-cfuzv47XxqW4HH/OcR5rM+AlQd1xL/VhuaeW/wzMW1LFrsFcTn0GND/hak1vkQc2th8UisBcrkVcQAnOnKwYxg==",
      "dependencies": [
        "@firebase/app",
        "@firebase/component",
        "@firebase/installations",
        "@firebase/messaging-interop-types",
        "@firebase/util",
        "idb",
        "tslib"
      ]
    },
    "@firebase/performance-compat@0.2.22_@firebase+app-compat@0.5.2_@firebase+app@0.14.2": {
      "integrity": "sha512-xLKxaSAl/FVi10wDX/CHIYEUP13jXUjinL+UaNXT9ByIvxII5Ne5150mx6IgM8G6Q3V+sPiw9C8/kygkyHUVxg==",
      "dependencies": [
        "@firebase/app-compat",
        "@firebase/component",
        "@firebase/logger",
        "@firebase/performance",
        "@firebase/performance-types",
        "@firebase/util",
        "tslib"
      ]
    },
    "@firebase/performance-types@0.2.3": {
      "integrity": "sha512-IgkyTz6QZVPAq8GSkLYJvwSLr3LS9+V6vNPQr0x4YozZJiLF5jYixj0amDtATf1X0EtYHqoPO48a9ija8GocxQ=="
    },
    "@firebase/performance@0.7.9_@firebase+app@0.14.2": {
      "integrity": "sha512-UzybENl1EdM2I1sjYm74xGt/0JzRnU/0VmfMAKo2LSpHJzaj77FCLZXmYQ4oOuE+Pxtt8Wy2BVJEENiZkaZAzQ==",
      "dependencies": [
        "@firebase/app",
        "@firebase/component",
        "@firebase/installations",
        "@firebase/logger",
        "@firebase/util",
        "tslib",
        "web-vitals"
      ]
    },
    "@firebase/remote-config-compat@0.2.19_@firebase+app-compat@0.5.2_@firebase+app@0.14.2": {
      "integrity": "sha512-y7PZAb0l5+5oIgLJr88TNSelxuASGlXyAKj+3pUc4fDuRIdPNBoONMHaIUa9rlffBR5dErmaD2wUBJ7Z1a513Q==",
      "dependencies": [
        "@firebase/app-compat",
        "@firebase/component",
        "@firebase/logger",
        "@firebase/remote-config",
        "@firebase/remote-config-types",
        "@firebase/util",
        "tslib"
      ]
    },
    "@firebase/remote-config-types@0.4.0": {
      "integrity": "sha512-7p3mRE/ldCNYt8fmWMQ/MSGRmXYlJ15Rvs9Rk17t8p0WwZDbeK7eRmoI1tvCPaDzn9Oqh+yD6Lw+sGLsLg4kKg=="
    },
    "@firebase/remote-config@0.6.6_@firebase+app@0.14.2": {
      "integrity": "sha512-Yelp5xd8hM4NO1G1SuWrIk4h5K42mNwC98eWZ9YLVu6Z0S6hFk1mxotAdCRmH2luH8FASlYgLLq6OQLZ4nbnCA==",
      "dependencies": [
        "@firebase/app",
        "@firebase/component",
        "@firebase/installations",
        "@firebase/logger",
        "@firebase/util",
        "tslib"
      ]
    },
    "@firebase/storage-compat@0.4.0_@firebase+app-compat@0.5.2_@firebase+app@0.14.2_@firebase+app-types@0.9.3_@firebase+util@1.13.0": {
      "integrity": "sha512-vDzhgGczr1OfcOy285YAPur5pWDEvD67w4thyeCUh6Ys0izN9fNYtA1MJERmNBfqjqu0lg0FM5GLbw0Il21M+g==",
      "dependencies": [
        "@firebase/app-compat",
        "@firebase/component",
        "@firebase/storage",
        "@firebase/storage-types",
        "@firebase/util",
        "tslib"
      ]
    },
    "@firebase/storage-types@0.8.3_@firebase+app-types@0.9.3_@firebase+util@1.13.0": {
      "integrity": "sha512-+Muk7g9uwngTpd8xn9OdF/D48uiQ7I1Fae7ULsWPuKoCH3HU7bfFPhxtJYzyhjdniowhuDpQcfPmuNRAqZEfvg==",
      "dependencies": [
        "@firebase/app-types",
        "@firebase/util"
      ]
    },
    "@firebase/storage@0.14.0_@firebase+app@0.14.2": {
      "integrity": "sha512-xWWbb15o6/pWEw8H01UQ1dC5U3rf8QTAzOChYyCpafV6Xki7KVp3Yaw2nSklUwHEziSWE9KoZJS7iYeyqWnYFA==",
      "dependencies": [
        "@firebase/app",
        "@firebase/component",
        "@firebase/util",
        "tslib"
      ]
    },
    "@firebase/util@1.13.0": {
      "integrity": "sha512-0AZUyYUfpMNcztR5l09izHwXkZpghLgCUaAGjtMwXnCg3bj4ml5VgiwqOMOxJ+Nw4qN/zJAaOQBcJ7KGkWStqQ==",
      "dependencies": [
        "tslib"
      ],
      "scripts": true
    },
    "@firebase/webchannel-wrapper@1.0.4": {
      "integrity": "sha512-6m8+P+dE/RPl4OPzjTxcTbQ0rGeRyeTvAi9KwIffBVCiAMKrfXfLZaqD1F+m8t4B5/Q5aHsMozOgirkH1F5oMQ=="
    },
    "@grpc/grpc-js@1.9.15": {
      "integrity": "sha512-nqE7Hc0AzI+euzUwDAy0aY5hCp10r734gMGRdU+qOPX0XSceI2ULrcXB5U2xSc5VkWwalCj4M7GzCAygZl2KoQ==",
      "dependencies": [
        "@grpc/proto-loader",
        "@types/node"
      ]
    },
    "@grpc/proto-loader@0.7.15": {
      "integrity": "sha512-tMXdRCfYVixjuFK+Hk0Q1s38gV9zDiDJfWL3h1rv4Qc39oILCu1TRTDt7+fGUI8K4G1Fj125Hx/ru3azECWTyQ==",
      "dependencies": [
        "lodash.camelcase",
        "long",
        "protobufjs",
        "yargs"
      ],
      "bin": true
    },
    "@protobufjs/aspromise@1.1.2": {
      "integrity": "sha512-j+gKExEuLmKwvz3OgROXtrJ2UG2x8Ch2YZUxahh+s1F2HZ+wAceUNLkvy6zKCPVRkU++ZWQrdxsUeQXmcg4uoQ=="
    },
    "@protobufjs/base64@1.1.2": {
      "integrity": "sha512-AZkcAA5vnN/v4PDqKyMR5lx7hZttPDgClv83E//FMNhR2TMcLUhfRUBHCmSl0oi9zMgDDqRUJkSxO3wm85+XLg=="
    },
    "@protobufjs/codegen@2.0.4": {
      "integrity": "sha512-YyFaikqM5sH0ziFZCN3xDC7zeGaB/d0IUb9CATugHWbd1FRFwWwt4ld4OYMPWu5a3Xe01mGAULCdqhMlPl29Jg=="
    },
    "@protobufjs/eventemitter@1.1.0": {
      "integrity": "sha512-j9ednRT81vYJ9OfVuXG6ERSTdEL1xVsNgqpkxMsbIabzSo3goCjDIveeGv5d03om39ML71RdmrGNjG5SReBP/Q=="
    },
    "@protobufjs/fetch@1.1.0": {
      "integrity": "sha512-lljVXpqXebpsijW71PZaCYeIcE5on1w5DlQy5WH6GLbFryLUrBD4932W/E2BSpfRJWseIL4v/KPgBFxDOIdKpQ==",
      "dependencies": [
        "@protobufjs/aspromise",
        "@protobufjs/inquire"
      ]
    },
    "@protobufjs/float@1.0.2": {
      "integrity": "sha512-Ddb+kVXlXst9d+R9PfTIxh1EdNkgoRe5tOX6t01f1lYWOvJnSPDBlG241QLzcyPdoNTsblLUdujGSE4RzrTZGQ=="
    },
    "@protobufjs/inquire@1.1.0": {
      "integrity": "sha512-kdSefcPdruJiFMVSbn801t4vFK7KB/5gd2fYvrxhuJYg8ILrmn9SKSX2tZdV6V+ksulWqS7aXjBcRXl3wHoD9Q=="
    },
    "@protobufjs/path@1.1.2": {
      "integrity": "sha512-6JOcJ5Tm08dOHAbdR3GrvP+yUUfkjG5ePsHYczMFLq3ZmMkAD98cDgcT2iA1lJ9NVwFd4tH/iSSoe44YWkltEA=="
    },
    "@protobufjs/pool@1.1.0": {
      "integrity": "sha512-0kELaGSIDBKvcgS4zkjz1PeddatrjYcmMWOlAuAPwAeccUrPHdUqo/J6LiymHHEiJT5NrF1UVwxY14f+fy4WQw=="
    },
    "@protobufjs/utf8@1.1.0": {
      "integrity": "sha512-Vvn3zZrhQZkkBE8LSuW3em98c0FwgO4nxzv6OdSxPKJIEKY2bGbHn+mhGIPerzI4twdxaP8/0+06HBpwf345Lw=="
    },
    "@types/node@24.3.1": {
      "integrity": "sha512-3vXmQDXy+woz+gnrTvuvNrPzekOi+Ds0ReMxw0LzBiK3a+1k0kQn9f2NWk+lgD4rJehFUmYy2gMhJ2ZI+7YP9g==",
      "dependencies": [
        "undici-types"
      ]
    },
    "ansi-regex@5.0.1": {
      "integrity": "sha512-quJQXlTSUGL2LH9SUXo8VwsY4soanhgo6LNSm84E1LBcE8s3O0wpdiRzyR9z/ZZJMlMWv37qOOb9pdJlMUEKFQ=="
    },
    "ansi-styles@4.3.0": {
      "integrity": "sha512-zbB9rCJAT1rbjiVDb2hqKFHNYLxgtk8NURxZ3IZwD3F6NtxbXZQCnnSi1Lkx+IDohdPlFp222wVALIheZJQSEg==",
      "dependencies": [
        "color-convert"
      ]
    },
    "cliui@8.0.1": {
      "integrity": "sha512-BSeNnyus75C4//NQ9gQt1/csTXyo/8Sb+afLAkzAptFuMsod9HFokGNudZpi/oQV73hnVK+sR+5PVRMd+Dr7YQ==",
      "dependencies": [
        "string-width",
        "strip-ansi",
        "wrap-ansi"
      ]
    },
    "color-convert@2.0.1": {
      "integrity": "sha512-RRECPsj7iu/xb5oKYcsFHSppFNnsj/52OVTRKb4zP5onXwVF3zVmmToNcOfGC+CRDpfK/U584fMg38ZHCaElKQ==",
      "dependencies": [
        "color-name"
      ]
    },
    "color-name@1.1.4": {
      "integrity": "sha512-dOy+3AuW3a2wNbZHIuMZpTcgjGuLU/uBL/ubcZF9OXbDo8ff4O8yVp5Bf0efS8uEoYo5q4Fx7dY9OgQGXgAsQA=="
    },
    "emoji-regex@8.0.0": {
      "integrity": "sha512-MSjYzcWNOA0ewAHpz0MxpYFvwg6yjy1NG3xteoqz644VCo/RPgnr1/GGt+ic3iJTzQ8Eu3TdM14SawnVUmGE6A=="
    },
    "escalade@3.2.0": {
      "integrity": "sha512-WUj2qlxaQtO4g6Pq5c29GTcWGDyd8itL8zTlipgECz3JesAiiOKotd8JU6otB3PACgG6xkJUyVhboMS+bje/jA=="
    },
    "faye-websocket@0.11.4": {
      "integrity": "sha512-CzbClwlXAuiRQAlUyfqPgvPoNKTckTPGfwZV4ZdAhVcP2lh9KUxJg2b5GkE7XbjKQ3YJnQ9z6D9ntLAlB+tP8g==",
      "dependencies": [
        "websocket-driver"
      ]
    },
    "firebase@12.2.1_@firebase+app@0.14.2_@firebase+app-types@0.9.3_@firebase+app-compat@0.5.2": {
      "integrity": "sha512-UkuW2ZYaq/QuOQ24bfaqmkVqoBFhkA/ptATfPuRtc5vdm+zhwc3mfZBwFe6LqH9yrCN/6rAblgxKz2/0tDvA7w==",
      "dependencies": [
        "@firebase/ai",
        "@firebase/analytics",
        "@firebase/analytics-compat",
        "@firebase/app",
        "@firebase/app-check",
        "@firebase/app-check-compat",
        "@firebase/app-compat",
        "@firebase/app-types",
        "@firebase/auth",
        "@firebase/auth-compat",
        "@firebase/data-connect",
        "@firebase/database",
        "@firebase/database-compat",
        "@firebase/firestore",
        "@firebase/firestore-compat",
        "@firebase/functions",
        "@firebase/functions-compat",
        "@firebase/installations",
        "@firebase/installations-compat",
        "@firebase/messaging",
        "@firebase/messaging-compat",
        "@firebase/performance",
        "@firebase/performance-compat",
        "@firebase/remote-config",
        "@firebase/remote-config-compat",
        "@firebase/storage",
        "@firebase/storage-compat",
        "@firebase/util"
      ]
    },
    "get-caller-file@2.0.5": {
      "integrity": "sha512-DyFP3BM/3YHTQOCUL/w0OZHR0lpKeGrxotcHWcqNEdnltqFwXVfhEBQ94eIo34AfQpo0rGki4cyIiftY06h2Fg=="
    },
    "http-parser-js@0.5.10": {
      "integrity": "sha512-Pysuw9XpUq5dVc/2SMHpuTY01RFl8fttgcyunjL7eEMhGM3cI4eOmiCycJDVCo/7O7ClfQD3SaI6ftDzqOXYMA=="
    },
    "idb@7.1.1": {
      "integrity": "sha512-gchesWBzyvGHRO9W8tzUWFDycow5gwjvFKfyV9FF32Y7F50yZMp7mP+T2mJIWFx49zicqyC4uefHM17o6xKIVQ=="
    },
    "is-fullwidth-code-point@3.0.0": {
      "integrity": "sha512-zymm5+u+sCsSWyD9qNaejV3DFvhCKclKdizYaJUuHA83RLjb7nSuGnddCHGv0hk+KY7BMAlsWeK4Ueg6EV6XQg=="
    },
    "lodash.camelcase@4.3.0": {
      "integrity": "sha512-TwuEnCnxbc3rAvhf/LbG7tJUDzhqXyFnv3dtzLOPgCG/hODL7WFnsbwktkD7yUV0RrreP/l1PALq/YSg6VvjlA=="
    },
    "long@5.3.2": {
      "integrity": "sha512-mNAgZ1GmyNhD7AuqnTG3/VQ26o760+ZYBPKjPvugO8+nLbYfX6TVpJPseBvopbdY+qpZ/lKUnmEc1LeZYS3QAA=="
    },
    "protobufjs@7.5.4": {
      "integrity": "sha512-CvexbZtbov6jW2eXAvLukXjXUW1TzFaivC46BpWc/3BpcCysb5Vffu+B3XHMm8lVEuy2Mm4XGex8hBSg1yapPg==",
      "dependencies": [
        "@protobufjs/aspromise",
        "@protobufjs/base64",
        "@protobufjs/codegen",
        "@protobufjs/eventemitter",
        "@protobufjs/fetch",
        "@protobufjs/float",
        "@protobufjs/inquire",
        "@protobufjs/path",
        "@protobufjs/pool",
        "@protobufjs/utf8",
        "@types/node",
        "long"
      ],
      "scripts": true
    },
    "require-directory@2.1.1": {
      "integrity": "sha512-fGxEI7+wsG9xrvdjsrlmL22OMTTiHRwAMroiEeMgq8gzoLC/PQr7RsRDSTLUg/bZAZtF+TVIkHc6/4RIKrui+Q=="
    },
    "safe-buffer@5.2.1": {
      "integrity": "sha512-rp3So07KcdmmKbGvgaNxQSJr7bGVSVk5S9Eq1F+ppbRo70+YeaDxkw5Dd8NPN+GD6bjnYm2VuPuCXmpuYvmCXQ=="
    },
    "string-width@4.2.3": {
      "integrity": "sha512-wKyQRQpjJ0sIp62ErSZdGsjMJWsap5oRNihHhu6G7JVO/9jIB6UyevL+tXuOqrng8j/cxKTWyWUwvSTriiZz/g==",
      "dependencies": [
        "emoji-regex",
        "is-fullwidth-code-point",
        "strip-ansi"
      ]
    },
    "strip-ansi@6.0.1": {
      "integrity": "sha512-Y38VPSHcqkFrCpFnQ9vuSXmquuv5oXOKpGeT6aGrr3o3Gc9AlVa6JBfUSOCnbxGGZF+/0ooI7KrPuUSztUdU5A==",
      "dependencies": [
        "ansi-regex"
      ]
    },
    "tslib@2.8.1": {
      "integrity": "sha512-oJFu94HQb+KVduSUQL7wnpmqnfmLsOA/nAh6b6EH0wCEoK0/mPeXU6c3wKDV83MkOuHPRHtSXKKU99IBazS/2w=="
    },
    "undici-types@7.10.0": {
      "integrity": "sha512-t5Fy/nfn+14LuOc2KNYg75vZqClpAiqscVvMygNnlsHBFpSXdJaYtXMcdNLpl/Qvc3P2cB3s6lOV51nqsFq4ag=="
    },
    "web-vitals@4.2.4": {
      "integrity": "sha512-r4DIlprAGwJ7YM11VZp4R884m0Vmgr6EAKe3P+kO0PPj3Unqyvv59rczf6UiGcb9Z8QxZVcqKNwv/g0WNdWwsw=="
    },
    "websocket-driver@0.7.4": {
      "integrity": "sha512-b17KeDIQVjvb0ssuSDF2cYXSg2iztliJ4B9WdsuB6J952qCPKmnVq4DyW5motImXHDC1cBT/1UezrJVsKw5zjg==",
      "dependencies": [
        "http-parser-js",
        "safe-buffer",
        "websocket-extensions"
      ]
    },
    "websocket-extensions@0.1.4": {
      "integrity": "sha512-OqedPIGOfsDlo31UNwYbCFMSaO9m9G/0faIHj5/dZFDMFqPTcx6UwqyOy3COEaEOg/9VsGIpdqn62W5KhoKSpg=="
    },
    "wrap-ansi@7.0.0": {
      "integrity": "sha512-YVGIj2kamLSTxw6NsZjoBxfSwsn0ycdesmc4p+Q21c5zPuZ1pl+NfxVdxPtdHvmNVOQ6XSYG4AUtyt/Fi7D16Q==",
      "dependencies": [
        "ansi-styles",
        "string-width",
        "strip-ansi"
      ]
    },
    "y18n@5.0.8": {
      "integrity": "sha512-0pfFzegeDWJHJIAmTLRP2DwHjdF5s7jo9tuztdQxAhINCdvS+3nGINqPd00AphqJR/0LhANUS6/+7SCb98YOfA=="
    },
    "yargs-parser@21.1.1": {
      "integrity": "sha512-tVpsJW7DdjecAiFpbIB1e3qxIQsE6NoPc5/eTdrbbIC4h0LVsWhnoa3g+m2HclBIujHzsxZ4VJVA+GUuc2/LBw=="
    },
    "yargs@17.7.2": {
      "integrity": "sha512-7dSzzRQ++CKnNI/krKnYRV7JKKPUXMEh61soaHKg9mrWEhzFWhFnxPxGl+69cD1Ou63C13NUPCnmIcrvqCuM6w==",
      "dependencies": [
        "cliui",
        "escalade",
        "get-caller-file",
        "require-directory",
        "string-width",
        "y18n",
        "yargs-parser"
      ]
    }
  },
  "workspace": {
    "dependencies": [
      "jsr:@std/assert@1",
      "npm:firebase@^12.2.1"
    ]
  }
}
